
Microsoft Visual Studio Solution File, Format Version 12.00
# Visual Studio Version 17
VisualStudioVersion = 17.10.35027.167
MinimumVisualStudioVersion = 10.0.40219.1
Project("{FAE04EC0-301F-11D3-BF4B-00C04F79EFBC}") = "ConsoleApp1", "ConsoleApp1\ConsoleApp1.csproj", "{B9565F59-C04C-4306-9AF4-B542B758C5D9}"
EndProject
Global
	GlobalSection(SolutionConfigurationPlatforms) = preSolution
		Debug|Any CPU = Debug|Any CPU
		Release|Any CPU = Release|Any CPU
	EndGlobalSection
	GlobalSection(ProjectConfigurationPlatforms) = postSolution
		{B9565F59-C04C-4306-9AF4-B542B758C5D9}.Debug|Any CPU.ActiveCfg = Debug|Any CPU
		{B9565F59-C04C-4306-9AF4-B542B758C5D9}.Debug|Any CPU.Build.0 = Debug|Any CPU
		{B9565F59-C04C-4306-9AF4-B542B758C5D9}.Release|Any CPU.ActiveCfg = Release|Any CPU
		{B9565F59-C04C-4306-9AF4-B542B758C5D9}.Release|Any CPU.Build.0 = Release|Any CPU
	EndGlobalSection
	GlobalSection(SolutionProperties) = preSolution
		HideSolutionNode = FALSE
	EndGlobalSection
	GlobalSection(ExtensibilityGlobals) = postSolution
		SolutionGuid = {BEE9BD1C-3C9E-4C30-9D54-7C694C79C72E}
	EndGlobalSection
EndGlobal
